// !$*UTF8*$!
{
	archiveVersion = 1;
	classes = {
	};
	objectVersion = 50;
	objects = {

/* Begin PBXBuildFile section */
		BCE5546E21EC53C900C600AF /* AppDelegate.swift in Sources */ = {isa = PBXBuildFile; fileRef = BCE5546D21EC53C900C600AF /* AppDelegate.swift */; };
		BCE5547021EC53C900C600AF /* ViewController.swift in Sources */ = {isa = PBXBuildFile; fileRef = BCE5546F21EC53C900C600AF /* ViewController.swift */; };
		BCE5547321EC53C900C600AF /* Main.storyboard in Resources */ = {isa = PBXBuildFile; fileRef = BCE5547121EC53C900C600AF /* Main.storyboard */; };
		BCE5547521EC53CB00C600AF /* Assets.xcassets in Resources */ = {isa = PBXBuildFile; fileRef = BCE5547421EC53CB00C600AF /* Assets.xcassets */; };
		BCE5547821EC53CB00C600AF /* LaunchScreen.storyboard in Resources */ = {isa = PBXBuildFile; fileRef = BCE5547621EC53CB00C600AF /* LaunchScreen.storyboard */; };
		BCE5548621EC555000C600AF /* City.swift in Sources */ = {isa = PBXBuildFile; fileRef = BCE5548521EC555000C600AF /* City.swift */; };
		BCE5548821EC556800C600AF /* CityCollectionViewFlowLayout.swift in Sources */ = {isa = PBXBuildFile; fileRef = BCE5548721EC556800C600AF /* CityCollectionViewFlowLayout.swift */; };
		BCE5548A21EC556D00C600AF /* CityCollectionViewCell.swift in Sources */ = {isa = PBXBuildFile; fileRef = BCE5548921EC556D00C600AF /* CityCollectionViewCell.swift */; };
/* End PBXBuildFile section */

/* Begin PBXFileReference section */
		BCE5546A21EC53C800C600AF /* CityGuide.app */ = {isa = PBXFileReference; explicitFileType = wrapper.application; includeInIndex = 0; path = CityGuide.app; sourceTree = BUILT_PRODUCTS_DIR; };
		BCE5546D21EC53C900C600AF /* AppDelegate.swift */ = {isa = PBXFileReference; lastKnownFileType = sourcecode.swift; path = AppDelegate.swift; sourceTree = "<group>"; };
		BCE5546F21EC53C900C600AF /* ViewController.swift */ = {isa = PBXFileReference; lastKnownFileType = sourcecode.swift; path = ViewController.swift; sourceTree = "<group>"; };
		BCE5547221EC53C900C600AF /* Base */ = {isa = PBXFileReference; lastKnownFileType = file.storyboard; name = Base; path = Base.lproj/Main.storyboard; sourceTree = "<group>"; };
		BCE5547421EC53CB00C600AF /* Assets.xcassets */ = {isa = PBXFileReference; lastKnownFileType = folder.assetcatalog; path = Assets.xcassets; sourceTree = "<group>"; };
		BCE5547721EC53CB00C600AF /* Base */ = {isa = PBXFileReference; lastKnownFileType = file.storyboard; name = Base; path = Base.lproj/LaunchScreen.storyboard; sourceTree = "<group>"; };
		BCE5547921EC53CB00C600AF /* Info.plist */ = {isa = PBXFileReference; lastKnownFileType = text.plist.xml; path = Info.plist; sourceTree = "<group>"; };
		BCE5548521EC555000C600AF /* City.swift */ = {isa = PBXFileReference; lastKnownFileType = sourcecode.swift; path = City.swift; sourceTree = "<group>"; };
		BCE5548721EC556800C600AF /* CityCollectionViewFlowLayout.swift */ = {isa = PBXFileReference; fileEncoding = 4; lastKnownFileType = sourcecode.swift; path = CityCollectionViewFlowLayout.swift; sourceTree = "<group>"; };
		BCE5548921EC556D00C600AF /* CityCollectionViewCell.swift */ = {isa = PBXFileReference; fileEncoding = 4; lastKnownFileType = sourcecode.swift; path = CityCollectionViewCell.swift; sourceTree = "<group>"; };
/* End PBXFileReference section */

/* Begin PBXFrameworksBuildPhase section */
		BCE5546721EC53C800C600AF /* Frameworks */ = {
			isa = PBXFrameworksBuildPhase;
			buildActionMask = 2147483647;
			files = (
			);
			runOnlyForDeploymentPostprocessing = 0;
		};
/* End PBXFrameworksBuildPhase section */

/* Begin PBXGroup section */
		BCE5546121EC53C800C600AF = {
			isa = PBXGroup;
			children = (
				BCE5546C21EC53C800C600AF /* CityGuide */,
				BCE5546B21EC53C800C600AF /* Products */,
			);
			sourceTree = "<group>";
		};
		BCE5546B21EC53C800C600AF /* Products */ = {
			isa = PBXGroup;
			children = (
				BCE5546A21EC53C800C600AF /* CityGuide.app */,
			);
			name = Products;
			sourceTree = "<group>";
		};
		BCE5546C21EC53C800C600AF /* CityGuide */ = {
			isa = PBXGroup;
			children = (
				BCE5546D21EC53C900C600AF /* AppDelegate.swift */,
				BCE5548221EC551F00C600AF /* Cell */,
				BCE5548321EC553200C600AF /* Layout */,
				BCE5548421EC553800C600AF /* Model */,
				BCE5546F21EC53C900C600AF /* ViewController.swift */,
				BCE5547121EC53C900C600AF /* Main.storyboard */,
				BCE5547421EC53CB00C600AF /* Assets.xcassets */,
				BCE5547621EC53CB00C600AF /* LaunchScreen.storyboard */,
				BCE5547921EC53CB00C600AF /* Info.plist */,
			);
			path = CityGuide;
			sourceTree = "<group>";
		};
		BCE5548221EC551F00C600AF /* Cell */ = {
			isa = PBXGroup;
			children = (
				BCE5548921EC556D00C600AF /* CityCollectionViewCell.swift */,
			);
			path = Cell;
			sourceTree = "<group>";
		};
		BCE5548321EC553200C600AF /* Layout */ = {
			isa = PBXGroup;
			children = (
				BCE5548721EC556800C600AF /* CityCollectionViewFlowLayout.swift */,
			);
			path = Layout;
			sourceTree = "<group>";
		};
		BCE5548421EC553800C600AF /* Model */ = {
			isa = PBXGroup;
			children = (
				BCE5548521EC555000C600AF /* City.swift */,
			);
			path = Model;
			sourceTree = "<group>";
		};
/* End PBXGroup section */

/* Begin PBXNativeTarget section */
		BCE5546921EC53C800C600AF /* CityGuide */ = {
			isa = PBXNativeTarget;
			buildConfigurationList = BCE5547C21EC53CB00C600AF /* Build configuration list for PBXNativeTarget "CityGuide" */;
			buildPhases = (
				BCE5546621EC53C800C600AF /* Sources */,
				BCE5546721EC53C800C600AF /* Frameworks */,
				BCE5546821EC53C800C600AF /* Resources */,
			);
			buildRules = (
			);
			dependencies = (
			);
			name = CityGuide;
			productName = CityGuide;
			productReference = BCE5546A21EC53C800C600AF /* CityGuide.app */;
			productType = "com.apple.product-type.application";
		};
/* End PBXNativeTarget section */

/* Begin PBXProject section */
		BCE5546221EC53C800C600AF /* Project object */ = {
			isa = PBXProject;
			attributes = {
				LastSwiftUpdateCheck = 1010;
				LastUpgradeCheck = 1010;
				ORGANIZATIONNAME = "Evgenii Trapeznikov";
				TargetAttributes = {
					BCE5546921EC53C800C600AF = {
						CreatedOnToolsVersion = 10.1;
					};
				};
			};
			buildConfigurationList = BCE5546521EC53C800C600AF /* Build configuration list for PBXProject "CityGuide" */;
			compatibilityVersion = "Xcode 9.3";
			developmentRegion = en;
			hasScannedForEncodings = 0;
			knownRegions = (
				en,
				Base,
			);
			mainGroup = BCE5546121EC53C800C600AF;
			productRefGroup = BCE5546B21EC53C800C600AF /* Products */;
			projectDirPath = "";
			projectRoot = "";
			targets = (
				BCE5546921EC53C800C600AF /* CityGuide */,
			);
		};
/* End PBXProject section */

/* Begin PBXResourcesBuildPhase section */
		BCE5546821EC53C800C600AF /* Resources */ = {
			isa = PBXResourcesBuildPhase;
			buildActionMask = 2147483647;
			files = (
				BCE5547821EC53CB00C600AF /* LaunchScreen.storyboard in Resources */,
				BCE5547521EC53CB00C600AF /* Assets.xcassets in Resources */,
				BCE5547321EC53C900C600AF /* Main.storyboard in Resources */,
			);
			runOnlyForDeploymentPostprocessing = 0;
		};
/* End PBXResourcesBuildPhase section */

/* Begin PBXSourcesBuildPhase section */
		BCE5546621EC53C800C600AF /* Sources */ = {
			isa = PBXSourcesBuildPhase;
			buildActionMask = 2147483647;
			files = (
				BCE5547021EC53C900C600AF /* ViewController.swift in Sources */,
				BCE5546E21EC53C900C600AF /* AppDelegate.swift in Sources */,
				BCE5548621EC555000C600AF /* City.swift in Sources */,
				BCE5548A21EC556D00C600AF /* CityCollectionViewCell.swift in Sources */,
				BCE5548821EC556800C600AF /* CityCollectionViewFlowLayout.swift in Sources */,
			);
			runOnlyForDeploymentPostprocessing = 0;
		};
/* End PBXSourcesBuildPhase section */

/* Begin PBXVariantGroup section */
		BCE5547121EC53C900C600AF /* Main.storyboard */ = {
			isa = PBXVariantGroup;
			children = (
				BCE5547221EC53C900C600AF /* Base */,
			);
			name = Main.storyboard;
			sourceTree = "<group>";
		};
		BCE5547621EC53CB00C600AF /* LaunchScreen.storyboard */ = {
			isa = PBXVariantGroup;
			children = (
				BCE5547721EC53CB00C600AF /* Base */,
			);
			name = LaunchScreen.storyboard;
			sourceTree = "<group>";
		};
/* End PBXVariantGroup section */

/* Begin XCBuildConfiguration section */
		BCE5547A21EC53CB00C600AF /* Debug */ = {
			isa = XCBuildConfiguration;
			buildSettings = {
				ALWAYS_SEARCH_USER_PATHS = NO;
				CLANG_ANALYZER_NONNULL = YES;
				CLANG_ANALYZER_NUMBER_OBJECT_CONVERSION = YES_AGGRESSIVE;
				CLANG_CXX_LANGUAGE_STANDARD = "gnu++14";
				CLANG_CXX_LIBRARY = "libc++";
				CLANG_ENABLE_MODULES = YES;
				CLANG_ENABLE_OBJC_ARC = YES;
				CLANG_ENABLE_OBJC_WEAK = YES;
				CLANG_WARN_BLOCK_CAPTURE_AUTORELEASING = YES;
				CLANG_WARN_BOOL_CONVERSION = YES;
				CLANG_WARN_COMMA = YES;
				CLANG_WARN_CONSTANT_CONVERSION = YES;
				CLANG_WARN_DEPRECATED_OBJC_IMPLEMENTATIONS = YES;
				CLANG_WARN_DIRECT_OBJC_ISA_USAGE = YES_ERROR;
				CLANG_WARN_DOCUMENTATION_COMMENTS = YES;
				CLANG_WARN_EMPTY_BODY = YES;
				CLANG_WARN_ENUM_CONVERSION = YES;
				CLANG_WARN_INFINITE_RECURSION = YES;
				CLANG_WARN_INT_CONVERSION = YES;
				CLANG_WARN_NON_LITERAL_NULL_CONVERSION = YES;
				CLANG_WARN_OBJC_IMPLICIT_RETAIN_SELF = YES;
				CLANG_WARN_OBJC_LITERAL_CONVERSION = YES;
				CLANG_WARN_OBJC_ROOT_CLASS = YES_ERROR;
				CLANG_WARN_RANGE_LOOP_ANALYSIS = YES;
				CLANG_WARN_STRICT_PROTOTYPES = YES;
				CLANG_WARN_SUSPICIOUS_MOVE = YES;
				CLANG_WARN_UNGUARDED_AVAILABILITY = YES_AGGRESSIVE;
				CLANG_WARN_UNREACHABLE_CODE = YES;
				CLANG_WARN__DUPLICATE_METHOD_MATCH = YES;
				CODE_SIGN_IDENTITY = "iPhone Developer";
				COPY_PHASE_STRIP = NO;
				DEBUG_INFORMATION_FORMAT = dwarf;
				ENABLE_STRICT_OBJC_MSGSEND = YES;
				ENABLE_TESTABILITY = YES;
				GCC_C_LANGUAGE_STANDARD = gnu11;
				GCC_DYNAMIC_NO_PIC = NO;
				GCC_NO_COMMON_BLOCKS = YES;
				GCC_OPTIMIZATION_LEVEL = 0;
				GCC_PREPROCESSOR_DEFINITIONS = (
					"DEBUG=1",
					"$(inherited)",
				);
				GCC_WARN_64_TO_32_BIT_CONVERSION = YES;
				GCC_WARN_ABOUT_RETURN_TYPE = YES_ERROR;
				GCC_WARN_UNDECLARED_SELECTOR = YES;
				GCC_WARN_UNINITIALIZED_AUTOS = YES_AGGRESSIVE;
				GCC_WARN_UNUSED_FUNCTION = YES;
				GCC_WARN_UNUSED_VARIABLE = YES;
				IPHONEOS_DEPLOYMENT_TARGET = 12.1;
				MTL_ENABLE_DEBUG_INFO = INCLUDE_SOURCE;
				MTL_FAST_MATH = YES;
				ONLY_ACTIVE_ARCH = YES;
				SDKROOT = iphoneos;
				SWIFT_ACTIVE_COMPILATION_CONDITIONS = DEBUG;
				SWIFT_OPTIMIZATION_LEVEL = "-Onone";
			};
			name = Debug;
		};
		BCE5547B21EC53CB00C600AF /* Release */ = {
			isa = XCBuildConfiguration;
			buildSettings = {
				ALWAYS_SEARCH_USER_PATHS = NO;
				CLANG_ANALYZER_NONNULL = YES;
				CLANG_ANALYZER_NUMBER_OBJECT_CONVERSION = YES_AGGRESSIVE;
				CLANG_CXX_LANGUAGE_STANDARD = "gnu++14";
				CLANG_CXX_LIBRARY = "libc++";
				CLANG_ENABLE_MODULES = YES;
				CLANG_ENABLE_OBJC_ARC = YES;
				CLANG_ENABLE_OBJC_WEAK = YES;
				CLANG_WARN_BLOCK_CAPTURE_AUTORELEASING = YES;
				CLANG_WARN_BOOL_CONVERSION = YES;
				CLANG_WARN_COMMA = YES;
				CLANG_WARN_CONSTANT_CONVERSION = YES;
				CLANG_WARN_DEPRECATED_OBJC_IMPLEMENTATIONS = YES;
				CLANG_WARN_DIRECT_OBJC_ISA_USAGE = YES_ERROR;
				CLANG_WARN_DOCUMENTATION_COMMENTS = YES;
				CLANG_WARN_EMPTY_BODY = YES;
				CLANG_WARN_ENUM_CONVERSION = YES;
				CLANG_WARN_INFINITE_RECURSION = YES;
				CLANG_WARN_INT_CONVERSION = YES;
				CLANG_WARN_NON_LITERAL_NULL_CONVERSION = YES;
				CLANG_WARN_OBJC_IMPLICIT_RETAIN_SELF = YES;
				CLANG_WARN_OBJC_LITERAL_CONVERSION = YES;
				CLANG_WARN_OBJC_ROOT_CLASS = YES_ERROR;
				CLANG_WARN_RANGE_LOOP_ANALYSIS = YES;
				CLANG_WARN_STRICT_PROTOTYPES = YES;
				CLANG_WARN_SUSPICIOUS_MOVE = YES;
				CLANG_WARN_UNGUARDED_AVAILABILITY = YES_AGGRESSIVE;
				CLANG_WARN_UNREACHABLE_CODE = YES;
				CLANG_WARN__DUPLICATE_METHOD_MATCH = YES;
				CODE_SIGN_IDENTITY = "iPhone Developer";
				COPY_PHASE_STRIP = NO;
				DEBUG_INFORMATION_FORMAT = "dwarf-with-dsym";
				ENABLE_NS_ASSERTIONS = NO;
				ENABLE_STRICT_OBJC_MSGSEND = YES;
				GCC_C_LANGUAGE_STANDARD = gnu11;
				GCC_NO_COMMON_BLOCKS = YES;
				GCC_WARN_64_TO_32_BIT_CONVERSION = YES;
				GCC_WARN_ABOUT_RETURN_TYPE = YES_ERROR;
				GCC_WARN_UNDECLARED_SELECTOR = YES;
				GCC_WARN_UNINITIALIZED_AUTOS = YES_AGGRESSIVE;
				GCC_WARN_UNUSED_FUNCTION = YES;
				GCC_WARN_UNUSED_VARIABLE = YES;
				IPHONEOS_DEPLOYMENT_TARGET = 12.1;
				MTL_ENABLE_DEBUG_INFO = NO;
				MTL_FAST_MATH = YES;
				SDKROOT = iphoneos;
				SWIFT_COMPILATION_MODE = wholemodule;
				SWIFT_OPTIMIZATION_LEVEL = "-O";
				VALIDATE_PRODUCT = YES;
			};
			name = Release;
		};
		BCE5547D21EC53CB00C600AF /* Debug */ = {
			isa = XCBuildConfiguration;
			buildSettings = {
				ASSETCATALOG_COMPILER_APPICON_NAME = AppIcon;
				CODE_SIGN_STYLE = Automatic;
				INFOPLIST_FILE = CityGuide/Info.plist;
				LD_RUNPATH_SEARCH_PATHS = (
					"$(inherited)",
					"@executable_path/Frameworks",
				);
				PRODUCT_BUNDLE_IDENTIFIER = com.trapeznikov.CityGuide;
				PRODUCT_NAME = "$(TARGET_NAME)";
				SWIFT_VERSION = 4.2;
				TARGETED_DEVICE_FAMILY = "1,2";
			};
			name = Debug;
		};
		BCE5547E21EC53CB00C600AF /* Release */ = {
			isa = XCBuildConfiguration;
			buildSettings = {
				ASSETCATALOG_COMPILER_APPICON_NAME = AppIcon;
				CODE_SIGN_STYLE = Automatic;
				INFOPLIST_FILE = CityGuide/Info.plist;
				LD_RUNPATH_SEARCH_PATHS = (
					"$(inherited)",
					"@executable_path/Frameworks",
				);
				PRODUCT_BUNDLE_IDENTIFIER = com.trapeznikov.CityGuide;
				PRODUCT_NAME = "$(TARGET_NAME)";
				SWIFT_VERSION = 4.2;
				TARGETED_DEVICE_FAMILY = "1,2";
			};
			name = Release;
		};
/* End XCBuildConfiguration section */

/* Begin XCConfigurationList section */
		BCE5546521EC53C800C600AF /* Build configuration list for PBXProject "CityGuide" */ = {
			isa = XCConfigurationList;
			buildConfigurations = (
				BCE5547A21EC53CB00C600AF /* Debug */,
				BCE5547B21EC53CB00C600AF /* Release */,
			);
			defaultConfigurationIsVisible = 0;
			defaultConfigurationName = Release;
		};
		BCE5547C21EC53CB00C600AF /* Build configuration list for PBXNativeTarget "CityGuide" */ = {
			isa = XCConfigurationList;
			buildConfigurations = (
				BCE5547D21EC53CB00C600AF /* Debug */,
				BCE5547E21EC53CB00C600AF /* Release */,
			);
			defaultConfigurationIsVisible = 0;
			defaultConfigurationName = Release;
		};
/* End XCConfigurationList section */
	};
	rootObject = BCE5546221EC53C800C600AF /* Project object */;
}
